
Microsoft Visual Studio Solution File, Format Version 12.00
# Visual Studio 15
VisualStudioVersion = 15.0.28307.421
MinimumVisualStudioVersion = 10.0.40219.1
Project("{FAE04EC0-301F-11D3-BF4B-00C04F79EFBC}") = "Evaluation", "Evaluation\Evaluation.csproj", "{2A3A7660-C94C-43F4-96A2-3CD1944B6DC1}"
EndProject
Project("{FAE04EC0-301F-11D3-BF4B-00C04F79EFBC}") = "apiEval", "apiEval\apiEval.csproj", "{DE988B83-0138-4570-97C1-BF9D98CD6C8A}"
EndProject
Global
	GlobalSection(SolutionConfigurationPlatforms) = preSolution
		Debug|Any CPU = Debug|Any CPU
		Release|Any CPU = Release|Any CPU
	EndGlobalSection
	GlobalSection(ProjectConfigurationPlatforms) = postSolution
		{2A3A7660-C94C-43F4-96A2-3CD1944B6DC1}.Debug|Any CPU.ActiveCfg = Debug|Any CPU
		{2A3A7660-C94C-43F4-96A2-3CD1944B6DC1}.Debug|Any CPU.Build.0 = Debug|Any CPU
		{2A3A7660-C94C-43F4-96A2-3CD1944B6DC1}.Release|Any CPU.ActiveCfg = Release|Any CPU
		{2A3A7660-C94C-43F4-96A2-3CD1944B6DC1}.Release|Any CPU.Build.0 = Release|Any CPU
		{DE988B83-0138-4570-97C1-BF9D98CD6C8A}.Debug|Any CPU.ActiveCfg = Debug|Any CPU
		{DE988B83-0138-4570-97C1-BF9D98CD6C8A}.Debug|Any CPU.Build.0 = Debug|Any CPU
		{DE988B83-0138-4570-97C1-BF9D98CD6C8A}.Release|Any CPU.ActiveCfg = Release|Any CPU
		{DE988B83-0138-4570-97C1-BF9D98CD6C8A}.Release|Any CPU.Build.0 = Release|Any CPU
	EndGlobalSection
	GlobalSection(SolutionProperties) = preSolution
		HideSolutionNode = FALSE
	EndGlobalSection
	GlobalSection(ExtensibilityGlobals) = postSolution
		SolutionGuid = {E4DBBE94-1193-47A6-B859-D239A503F271}
	EndGlobalSection
EndGlobal
